lockfileVersion: 5.4

specifiers:
  '@types/node': ^18.15.5
  '@types/react': latest
  '@vercel/og': latest
  next: latest
  react: latest
  react-dom: latest
  typescript: latest

dependencies:
  '@vercel/og': registry.npmjs.org/@vercel/og/0.5.3
  next: registry.npmjs.org/next/13.3.1_biqbaboplfbrettd7655fr4n2y
  react: registry.npmjs.org/react/18.2.0
  react-dom: registry.npmjs.org/react-dom/18.2.0_react@18.2.0

devDependencies:
  '@types/node': registry.npmjs.org/@types/node/18.15.13
  '@types/react': registry.npmjs.org/@types/react/18.0.38
  typescript: registry.npmjs.org/typescript/5.0.4

packages:

  registry.npmjs.org/@next/env/13.3.1:
    resolution: {integrity: sha512-EDtCoedIZC7JlUQ3uaQpSc4aVmyhbLHmQVALg7pFfQgOTjgSnn7mKtA0DiCMkYvvsx6aFb5octGMtWrOtGXW9A==, registry: https://registry.npmjs.com/, tarball: https://registry.npmjs.org/@next/env/-/env-13.3.1.tgz}
    name: '@next/env'
    version: 13.3.1
    dev: false

  registry.npmjs.org/@next/swc-darwin-arm64/13.3.1:
    resolution: {integrity: sha512-UXPtriEc/pBP8luSLSCZBcbzPeVv+SSjs9cH/KygTbhmACye8/OOXRZO13Z2Wq1G0gLmEAIHQAOuF+vafPd2lw==, registry: https://registry.npmjs.com/, tarball: https://registry.npmjs.org/@next/swc-darwin-arm64/-/swc-darwin-arm64-13.3.1.tgz}
    name: '@next/swc-darwin-arm64'
    version: 13.3.1
    engines: {node: '>= 10'}
    cpu: [arm64]
    os: [darwin]
    requiresBuild: true
    dev: false
    optional: true

  registry.npmjs.org/@next/swc-darwin-x64/13.3.1:
    resolution: {integrity: sha512-lT36yYxosCfLtplFzJWgo0hrPu6/do8+msgM7oQkPeohDNdhjtjFUgOOwdSnPublLR6Mo2Ym4P/wl5OANuD2bw==, registry: https://registry.npmjs.com/, tarball: https://registry.npmjs.org/@next/swc-darwin-x64/-/swc-darwin-x64-13.3.1.tgz}
    name: '@next/swc-darwin-x64'
    version: 13.3.1
    engines: {node: '>= 10'}
    cpu: [x64]
    os: [darwin]
    requiresBuild: true
    dev: false
    optional: true

  registry.npmjs.org/@next/swc-linux-arm64-gnu/13.3.1:
    resolution: {integrity: sha512-wRb76nLWJhonH8s3kxC/1tFguEkeOPayIwe9mkaz1G/yeS3OrjeyKMJsb4+Kdg0zbTo53bNCOl59NNtDM7yyyw==, registry: https://registry.npmjs.com/, tarball: https://registry.npmjs.org/@next/swc-linux-arm64-gnu/-/swc-linux-arm64-gnu-13.3.1.tgz}
    name: '@next/swc-linux-arm64-gnu'
    version: 13.3.1
    engines: {node: '>= 10'}
    cpu: [arm64]
    os: [linux]
    requiresBuild: true
    dev: false
    optional: true

  registry.npmjs.org/@next/swc-linux-arm64-musl/13.3.1:
    resolution: {integrity: sha512-qz3BzjJRZ16Iq/jrp+pjiYOc0jTjHlfmxQmZk9x/+5uhRP6/eWQSTAPVJ33BMo6oK5O5N4644OgTAbzXzorecg==, registry: https://registry.npmjs.com/, tarball: https://registry.npmjs.org/@next/swc-linux-arm64-musl/-/swc-linux-arm64-musl-13.3.1.tgz}
    name: '@next/swc-linux-arm64-musl'
    version: 13.3.1
    engines: {node: '>= 10'}
    cpu: [arm64]
    os: [linux]
    requiresBuild: true
    dev: false
    optional: true

  registry.npmjs.org/@next/swc-linux-x64-gnu/13.3.1:
    resolution: {integrity: sha512-6mgkLmwlyWlomQmpl21I3hxgqE5INoW4owTlcLpNsd1V4wP+J46BlI/5zV5KWWbzjfncIqzXoeGs5Eg+1GHODA==, registry: https://registry.npmjs.com/, tarball: https://registry.npmjs.org/@next/swc-linux-x64-gnu/-/swc-linux-x64-gnu-13.3.1.tgz}
    name: '@next/swc-linux-x64-gnu'
    version: 13.3.1
    engines: {node: '>= 10'}
    cpu: [x64]
    os: [linux]
    requiresBuild: true
    dev: false
    optional: true

  registry.npmjs.org/@next/swc-linux-x64-musl/13.3.1:
    resolution: {integrity: sha512-uqm5sielhQmKJM+qayIhgZv1KlS5pqTdQ99b+Z7hMWryXS96qE0DftTmMZowBcUL6x7s2vSXyH5wPtO1ON7LBg==, registry: https://registry.npmjs.com/, tarball: https://registry.npmjs.org/@next/swc-linux-x64-musl/-/swc-linux-x64-musl-13.3.1.tgz}
    name: '@next/swc-linux-x64-musl'
    version: 13.3.1
    engines: {node: '>= 10'}
    cpu: [x64]
    os: [linux]
    requiresBuild: true
    dev: false
    optional: true

  registry.npmjs.org/@next/swc-win32-arm64-msvc/13.3.1:
    resolution: {integrity: sha512-WomIiTj/v3LevltlibNQKmvrOymNRYL+a0dp5R73IwPWN5FvXWwSELN/kiNALig/+T3luc4qHNTyvMCp9L6U5Q==, registry: https://registry.npmjs.com/, tarball: https://registry.npmjs.org/@next/swc-win32-arm64-msvc/-/swc-win32-arm64-msvc-13.3.1.tgz}
    name: '@next/swc-win32-arm64-msvc'
    version: 13.3.1
    engines: {node: '>= 10'}
    cpu: [arm64]
    os: [win32]
    requiresBuild: true
    dev: false
    optional: true

  registry.npmjs.org/@next/swc-win32-ia32-msvc/13.3.1:
    resolution: {integrity: sha512-M+PoH+0+q658wRUbs285RIaSTYnGBSTdweH/0CdzDgA6Q4rBM0sQs4DHmO3BPP0ltCO/vViIoyG7ks66XmCA5g==, registry: https://registry.npmjs.com/, tarball: https://registry.npmjs.org/@next/swc-win32-ia32-msvc/-/swc-win32-ia32-msvc-13.3.1.tgz}
    name: '@next/swc-win32-ia32-msvc'
    version: 13.3.1
    engines: {node: '>= 10'}
    cpu: [ia32]
    os: [win32]
    requiresBuild: true
    dev: false
    optional: true

  registry.npmjs.org/@next/swc-win32-x64-msvc/13.3.1:
    resolution: {integrity: sha512-Sl1F4Vp5Z1rNXWZYqJwMuWRRol4bqOB6+/d7KqkgQ4AcafKPN1PZmpkCoxv4UFHtFNIB7EotnuIhtXu3zScicQ==, registry: https://registry.npmjs.com/, tarball: https://registry.npmjs.org/@next/swc-win32-x64-msvc/-/swc-win32-x64-msvc-13.3.1.tgz}
    name: '@next/swc-win32-x64-msvc'
    version: 13.3.1
    engines: {node: '>= 10'}
    cpu: [x64]
    os: [win32]
    requiresBuild: true
    dev: false
    optional: true

  registry.npmjs.org/@resvg/resvg-wasm/2.4.1:
    resolution: {integrity: sha512-yi6R0HyHtsoWTRA06Col4WoDs7SvlXU3DLMNP2bdAgs7HK18dTEVl1weXgxRzi8gwLteGUbIg29zulxIB3GSdg==, registry: https://registry.npmjs.com/, tarball: https://registry.npmjs.org/@resvg/resvg-wasm/-/resvg-wasm-2.4.1.tgz}
    name: '@resvg/resvg-wasm'
    version: 2.4.1
    engines: {node: '>= 10'}
    dev: false

  registry.npmjs.org/@shuding/opentype.js/1.4.0-beta.0:
    resolution: {integrity: sha512-3NgmNyH3l/Hv6EvsWJbsvpcpUba6R8IREQ83nH83cyakCw7uM1arZKNfHwv1Wz6jgqrF/j4x5ELvR6PnK9nTcA==, registry: https://registry.npmjs.com/, tarball: https://registry.npmjs.org/@shuding/opentype.js/-/opentype.js-1.4.0-beta.0.tgz}
    name: '@shuding/opentype.js'
    version: 1.4.0-beta.0
    engines: {node: '>= 8.0.0'}
    hasBin: true
    dependencies:
      fflate: registry.npmjs.org/fflate/0.7.4
      string.prototype.codepointat: registry.npmjs.org/string.prototype.codepointat/0.2.1
    dev: false

  registry.npmjs.org/@swc/helpers/0.5.0:
    resolution: {integrity: sha512-SjY/p4MmECVVEWspzSRpQEM3sjR17sP8PbGxELWrT+YZMBfiUyt1MRUNjMV23zohwlG2HYtCQOsCwsTHguXkyg==, registry: https://registry.npmjs.com/, tarball: https://registry.npmjs.org/@swc/helpers/-/helpers-0.5.0.tgz}
    name: '@swc/helpers'
    version: 0.5.0
    dependencies:
      tslib: registry.npmjs.org/tslib/2.5.0
    dev: false

  registry.npmjs.org/@types/node/18.15.13:
    resolution: {integrity: sha512-N+0kuo9KgrUQ1Sn/ifDXsvg0TTleP7rIy4zOBGECxAljqvqfqpTfzx0Q1NUedOixRMBfe2Whhb056a42cWs26Q==, registry: https://registry.npmjs.com/, tarball: https://registry.npmjs.org/@types/node/-/node-18.15.13.tgz}
    name: '@types/node'
    version: 18.15.13
    dev: true

  registry.npmjs.org/@types/prop-types/15.7.5:
    resolution: {integrity: sha512-JCB8C6SnDoQf0cNycqd/35A7MjcnK+ZTqE7judS6o7utxUCg6imJg3QK2qzHKszlTjcj2cn+NwMB2i96ubpj7w==, registry: https://registry.npmjs.com/, tarball: https://registry.npmjs.org/@types/prop-types/-/prop-types-15.7.5.tgz}
    name: '@types/prop-types'
    version: 15.7.5
    dev: true

  registry.npmjs.org/@types/react/18.0.38:
    resolution: {integrity: sha512-ExsidLLSzYj4cvaQjGnQCk4HFfVT9+EZ9XZsQ8Hsrcn8QNgXtpZ3m9vSIC2MWtx7jHictK6wYhQgGh6ic58oOw==, registry: https://registry.npmjs.com/, tarball: https://registry.npmjs.org/@types/react/-/react-18.0.38.tgz}
    name: '@types/react'
    version: 18.0.38
    dependencies:
      '@types/prop-types': registry.npmjs.org/@types/prop-types/15.7.5
      '@types/scheduler': registry.npmjs.org/@types/scheduler/0.16.3
      csstype: registry.npmjs.org/csstype/3.1.2
    dev: true

  registry.npmjs.org/@types/scheduler/0.16.3:
    resolution: {integrity: sha512-5cJ8CB4yAx7BH1oMvdU0Jh9lrEXyPkar6F9G/ERswkCuvP4KQZfZkSjcMbAICCpQTN4OuZn8tz0HiKv9TGZgrQ==, registry: https://registry.npmjs.com/, tarball: https://registry.npmjs.org/@types/scheduler/-/scheduler-0.16.3.tgz}
    name: '@types/scheduler'
    version: 0.16.3
    dev: true

  registry.npmjs.org/@vercel/og/0.5.3:
    resolution: {integrity: sha512-7hKSUEzhUhK62Naaf1jD8d+AVLnLU6LGdakTTqucD1AP/CHqmsm5dvdE1z9QJNPyiCAyyihhXIoUdhCqKHZWBQ==, registry: https://registry.npmjs.com/, tarball: https://registry.npmjs.org/@vercel/og/-/og-0.5.3.tgz}
    name: '@vercel/og'
    version: 0.5.3
    engines: {node: '>=16'}
    dependencies:
      '@resvg/resvg-wasm': registry.npmjs.org/@resvg/resvg-wasm/2.4.1
      satori: registry.npmjs.org/satori/0.4.9
      yoga-wasm-web: registry.npmjs.org/yoga-wasm-web/0.3.3
    dev: false

  registry.npmjs.org/base64-js/0.0.8:
    resolution: {integrity: sha512-3XSA2cR/h/73EzlXXdU6YNycmYI7+kicTxks4eJg2g39biHR84slg2+des+p7iHYhbRg/udIS4TD53WabcOUkw==, registry: https://registry.npmjs.com/, tarball: https://registry.npmjs.org/base64-js/-/base64-js-0.0.8.tgz}
    name: base64-js
    version: 0.0.8
    engines: {node: '>= 0.4'}
    dev: false

  registry.npmjs.org/busboy/1.6.0:
    resolution: {integrity: sha512-8SFQbg/0hQ9xy3UNTB0YEnsNBbWfhf7RtnzpL7TkBiTBRfrQ9Fxcnz7VJsleJpyp6rVLvXiuORqjlHi5q+PYuA==, registry: https://registry.npmjs.com/, tarball: https://registry.npmjs.org/busboy/-/busboy-1.6.0.tgz}
    name: busboy
    version: 1.6.0
    engines: {node: '>=10.16.0'}
    dependencies:
      streamsearch: registry.npmjs.org/streamsearch/1.1.0
    dev: false

  registry.npmjs.org/camelize/1.0.1:
    resolution: {integrity: sha512-dU+Tx2fsypxTgtLoE36npi3UqcjSSMNYfkqgmoEhtZrraP5VWq0K7FkWVTYa8eMPtnU/G2txVsfdCJTn9uzpuQ==, registry: https://registry.npmjs.com/, tarball: https://registry.npmjs.org/camelize/-/camelize-1.0.1.tgz}
    name: camelize
    version: 1.0.1
    dev: false

  registry.npmjs.org/caniuse-lite/1.0.30001481:
    resolution: {integrity: sha512-KCqHwRnaa1InZBtqXzP98LPg0ajCVujMKjqKDhZEthIpAsJl/YEIa3YvXjGXPVqzZVguccuu7ga9KOE1J9rKPQ==, registry: https://registry.npmjs.com/, tarball: https://registry.npmjs.org/caniuse-lite/-/caniuse-lite-1.0.30001481.tgz}
    name: caniuse-lite
    version: 1.0.30001481
    dev: false

  registry.npmjs.org/client-only/0.0.1:
    resolution: {integrity: sha512-IV3Ou0jSMzZrd3pZ48nLkT9DA7Ag1pnPzaiQhpW7c3RbcqqzvzzVu+L8gfqMp/8IM2MQtSiqaCxrrcfu8I8rMA==, registry: https://registry.npmjs.com/, tarball: https://registry.npmjs.org/client-only/-/client-only-0.0.1.tgz}
    name: client-only
    version: 0.0.1
    dev: false

  registry.npmjs.org/css-background-parser/0.1.0:
    resolution: {integrity: sha512-2EZLisiZQ+7m4wwur/qiYJRniHX4K5Tc9w93MT3AS0WS1u5kaZ4FKXlOTBhOjc+CgEgPiGY+fX1yWD8UwpEqUA==, registry: https://registry.npmjs.com/, tarball: https://registry.npmjs.org/css-background-parser/-/css-background-parser-0.1.0.tgz}
    name: css-background-parser
    version: 0.1.0
    dev: false

  registry.npmjs.org/css-box-shadow/1.0.0-3:
    resolution: {integrity: sha512-9jaqR6e7Ohds+aWwmhe6wILJ99xYQbfmK9QQB9CcMjDbTxPZjwEmUQpU91OG05Xgm8BahT5fW+svbsQGjS/zPg==, registry: https://registry.npmjs.com/, tarball: https://registry.npmjs.org/css-box-shadow/-/css-box-shadow-1.0.0-3.tgz}
    name: css-box-shadow
    version: 1.0.0-3
    dev: false

  registry.npmjs.org/css-color-keywords/1.0.0:
    resolution: {integrity: sha512-FyyrDHZKEjXDpNJYvVsV960FiqQyXc/LlYmsxl2BcdMb2WPx0OGRVgTg55rPSyLSNMqP52R9r8geSp7apN3Ofg==, registry: https://registry.npmjs.com/, tarball: https://registry.npmjs.org/css-color-keywords/-/css-color-keywords-1.0.0.tgz}
    name: css-color-keywords
    version: 1.0.0
    engines: {node: '>=4'}
    dev: false

  registry.npmjs.org/css-to-react-native/3.2.0:
    resolution: {integrity: sha512-e8RKaLXMOFii+02mOlqwjbD00KSEKqblnpO9e++1aXS1fPQOpS1YoqdVHBqPjHNoxeF2mimzVqawm2KCbEdtHQ==, registry: https://registry.npmjs.com/, tarball: https://registry.npmjs.org/css-to-react-native/-/css-to-react-native-3.2.0.tgz}
    name: css-to-react-native
    version: 3.2.0
    dependencies:
      camelize: registry.npmjs.org/camelize/1.0.1
      css-color-keywords: registry.npmjs.org/css-color-keywords/1.0.0
      postcss-value-parser: registry.npmjs.org/postcss-value-parser/4.2.0
    dev: false

  registry.npmjs.org/csstype/3.1.2:
    resolution: {integrity: sha512-I7K1Uu0MBPzaFKg4nI5Q7Vs2t+3gWWW648spaF+Rg7pI9ds18Ugn+lvg4SHczUdKlHI5LWBXyqfS8+DufyBsgQ==, registry: https://registry.npmjs.com/, tarball: https://registry.npmjs.org/csstype/-/csstype-3.1.2.tgz}
    name: csstype
    version: 3.1.2
    dev: true

  registry.npmjs.org/emoji-regex/10.2.1:
    resolution: {integrity: sha512-97g6QgOk8zlDRdgq1WxwgTMgEWGVAQvB5Fdpgc1MkNy56la5SKP9GsMXKDOdqwn90/41a8yPwIGk1Y6WVbeMQA==, registry: https://registry.npmjs.com/, tarball: https://registry.npmjs.org/emoji-regex/-/emoji-regex-10.2.1.tgz}
    name: emoji-regex
    version: 10.2.1
    dev: false

  registry.npmjs.org/fflate/0.7.4:
    resolution: {integrity: sha512-5u2V/CDW15QM1XbbgS+0DfPxVB+jUKhWEKuuFuHncbk3tEEqzmoXL+2KyOFuKGqOnmdIy0/davWF1CkuwtibCw==, registry: https://registry.npmjs.com/, tarball: https://registry.npmjs.org/fflate/-/fflate-0.7.4.tgz}
    name: fflate
    version: 0.7.4
    dev: false

  registry.npmjs.org/js-tokens/4.0.0:
    resolution: {integrity: sha512-RdJUflcE3cUzKiMqQgsCu06FPu9UdIJO0beYbPhHN4k6apgJtifcoCtT9bcxOpYBtpD2kCM6Sbzg4CausW/PKQ==, registry: https://registry.npmjs.com/, tarball: https://registry.npmjs.org/js-tokens/-/js-tokens-4.0.0.tgz}
    name: js-tokens
    version: 4.0.0
    dev: false

  registry.npmjs.org/linebreak/1.1.0:
    resolution: {integrity: sha512-MHp03UImeVhB7XZtjd0E4n6+3xr5Dq/9xI/5FptGk5FrbDR3zagPa2DS6U8ks/3HjbKWG9Q1M2ufOzxV2qLYSQ==, registry: https://registry.npmjs.com/, tarball: https://registry.npmjs.org/linebreak/-/linebreak-1.1.0.tgz}
    name: linebreak
    version: 1.1.0
    dependencies:
      base64-js: registry.npmjs.org/base64-js/0.0.8
      unicode-trie: registry.npmjs.org/unicode-trie/2.0.0
    dev: false

  registry.npmjs.org/loose-envify/1.4.0:
    resolution: {integrity: sha512-lyuxPGr/Wfhrlem2CL/UcnUc1zcqKAImBDzukY7Y5F/yQiNdko6+fRLevlw1HgMySw7f611UIY408EtxRSoK3Q==, registry: https://registry.npmjs.com/, tarball: https://registry.npmjs.org/loose-envify/-/loose-envify-1.4.0.tgz}
    name: loose-envify
    version: 1.4.0
    hasBin: true
    dependencies:
      js-tokens: registry.npmjs.org/js-tokens/4.0.0
    dev: false

  registry.npmjs.org/nanoid/3.3.6:
    resolution: {integrity: sha512-BGcqMMJuToF7i1rt+2PWSNVnWIkGCU78jBG3RxO/bZlnZPK2Cmi2QaffxGO/2RvWi9sL+FAiRiXMgsyxQ1DIDA==, registry: https://registry.npmjs.com/, tarball: https://registry.npmjs.org/nanoid/-/nanoid-3.3.6.tgz}
    name: nanoid
    version: 3.3.6
    engines: {node: ^10 || ^12 || ^13.7 || ^14 || >=15.0.1}
    hasBin: true
    dev: false

  registry.npmjs.org/next/13.3.1_biqbaboplfbrettd7655fr4n2y:
    resolution: {integrity: sha512-eByWRxPzKHs2oQz1yE41LX35umhz86ZSZ+mYyXBqn2IBi2hyUqxBA88avywdr4uyH+hCJczegGsDGWbzQA5Rqw==, registry: https://registry.npmjs.com/, tarball: https://registry.npmjs.org/next/-/next-13.3.1.tgz}
    id: registry.npmjs.org/next/13.3.1
    name: next
    version: 13.3.1
    engines: {node: '>=14.18.0'}
    hasBin: true
    peerDependencies:
      '@opentelemetry/api': ^1.1.0
      fibers: '>= 3.1.0'
      node-sass: ^6.0.0 || ^7.0.0
      react: ^18.2.0
      react-dom: ^18.2.0
      sass: ^1.3.0
    peerDependenciesMeta:
      '@opentelemetry/api':
        optional: true
      fibers:
        optional: true
      node-sass:
        optional: true
      sass:
        optional: true
    dependencies:
      '@next/env': registry.npmjs.org/@next/env/13.3.1
      '@swc/helpers': registry.npmjs.org/@swc/helpers/0.5.0
      busboy: registry.npmjs.org/busboy/1.6.0
      caniuse-lite: registry.npmjs.org/caniuse-lite/1.0.30001481
      postcss: registry.npmjs.org/postcss/8.4.14
      react: registry.npmjs.org/react/18.2.0
      react-dom: registry.npmjs.org/react-dom/18.2.0_react@18.2.0
      styled-jsx: registry.npmjs.org/styled-jsx/5.1.1_react@18.2.0
    optionalDependencies:
      '@next/swc-darwin-arm64': registry.npmjs.org/@next/swc-darwin-arm64/13.3.1
      '@next/swc-darwin-x64': registry.npmjs.org/@next/swc-darwin-x64/13.3.1
      '@next/swc-linux-arm64-gnu': registry.npmjs.org/@next/swc-linux-arm64-gnu/13.3.1
      '@next/swc-linux-arm64-musl': registry.npmjs.org/@next/swc-linux-arm64-musl/13.3.1
      '@next/swc-linux-x64-gnu': registry.npmjs.org/@next/swc-linux-x64-gnu/13.3.1
      '@next/swc-linux-x64-musl': registry.npmjs.org/@next/swc-linux-x64-musl/13.3.1
      '@next/swc-win32-arm64-msvc': registry.npmjs.org/@next/swc-win32-arm64-msvc/13.3.1
      '@next/swc-win32-ia32-msvc': registry.npmjs.org/@next/swc-win32-ia32-msvc/13.3.1
      '@next/swc-win32-x64-msvc': registry.npmjs.org/@next/swc-win32-x64-msvc/13.3.1
    transitivePeerDependencies:
      - '@babel/core'
      - babel-plugin-macros
    dev: false

  registry.npmjs.org/pako/0.2.9:
    resolution: {integrity: sha512-NUcwaKxUxWrZLpDG+z/xZaCgQITkA/Dv4V/T6bw7VON6l1Xz/VnrBqrYjZQ12TamKHzITTfOEIYUj48y2KXImA==, registry: https://registry.npmjs.com/, tarball: https://registry.npmjs.org/pako/-/pako-0.2.9.tgz}
    name: pako
    version: 0.2.9
    dev: false

  registry.npmjs.org/picocolors/1.0.0:
    resolution: {integrity: sha512-1fygroTLlHu66zi26VoTDv8yRgm0Fccecssto+MhsZ0D/DGW2sm8E8AjW7NU5VVTRt5GxbeZ5qBuJr+HyLYkjQ==, registry: https://registry.npmjs.com/, tarball: https://registry.npmjs.org/picocolors/-/picocolors-1.0.0.tgz}
    name: picocolors
    version: 1.0.0
    dev: false

  registry.npmjs.org/postcss-value-parser/4.2.0:
    resolution: {integrity: sha512-1NNCs6uurfkVbeXG4S8JFT9t19m45ICnif8zWLd5oPSZ50QnwMfK+H3jv408d4jw/7Bttv5axS5IiHoLaVNHeQ==, registry: https://registry.npmjs.com/, tarball: https://registry.npmjs.org/postcss-value-parser/-/postcss-value-parser-4.2.0.tgz}
    name: postcss-value-parser
    version: 4.2.0
    dev: false

  registry.npmjs.org/postcss/8.4.14:
    resolution: {integrity: sha512-E398TUmfAYFPBSdzgeieK2Y1+1cpdxJx8yXbK/m57nRhKSmk1GB2tO4lbLBtlkfPQTDKfe4Xqv1ASWPpayPEig==, registry: https://registry.npmjs.com/, tarball: https://registry.npmjs.org/postcss/-/postcss-8.4.14.tgz}
    name: postcss
    version: 8.4.14
    engines: {node: ^10 || ^12 || >=14}
    dependencies:
      nanoid: registry.npmjs.org/nanoid/3.3.6
      picocolors: registry.npmjs.org/picocolors/1.0.0
      source-map-js: registry.npmjs.org/source-map-js/1.0.2
    dev: false

  registry.npmjs.org/react-dom/18.2.0_react@18.2.0:
    resolution: {integrity: sha512-6IMTriUmvsjHUjNtEDudZfuDQUoWXVxKHhlEGSk81n4YFS+r/Kl99wXiwlVXtPBtJenozv2P+hxDsw9eA7Xo6g==, registry: https://registry.npmjs.com/, tarball: https://registry.npmjs.org/react-dom/-/react-dom-18.2.0.tgz}
    id: registry.npmjs.org/react-dom/18.2.0
    name: react-dom
    version: 18.2.0
    peerDependencies:
      react: ^18.2.0
    dependencies:
      loose-envify: registry.npmjs.org/loose-envify/1.4.0
      react: registry.npmjs.org/react/18.2.0
      scheduler: registry.npmjs.org/scheduler/0.23.0
    dev: false

  registry.npmjs.org/react/18.2.0:
    resolution: {integrity: sha512-/3IjMdb2L9QbBdWiW5e3P2/npwMBaU9mHCSCUzNln0ZCYbcfTsGbTJrU/kGemdH2IWmB2ioZ+zkxtmq6g09fGQ==, registry: https://registry.npmjs.com/, tarball: https://registry.npmjs.org/react/-/react-18.2.0.tgz}
    name: react
    version: 18.2.0
    engines: {node: '>=0.10.0'}
    dependencies:
      loose-envify: registry.npmjs.org/loose-envify/1.4.0
    dev: false

  registry.npmjs.org/satori/0.4.9:
    resolution: {integrity: sha512-vV1h8GNCqMGD4Z/cbmCNLsUUkmfMVIV5TWwkxdSCocssz3cU2qiATHZqtZkUfEazGeSB2frvTC4xQ/+fQ4topg==, registry: https://registry.npmjs.com/, tarball: https://registry.npmjs.org/satori/-/satori-0.4.9.tgz}
    name: satori
    version: 0.4.9
    engines: {node: '>=16'}
    dependencies:
      '@shuding/opentype.js': registry.npmjs.org/@shuding/opentype.js/1.4.0-beta.0
      css-background-parser: registry.npmjs.org/css-background-parser/0.1.0
      css-box-shadow: registry.npmjs.org/css-box-shadow/1.0.0-3
      css-to-react-native: registry.npmjs.org/css-to-react-native/3.2.0
      emoji-regex: registry.npmjs.org/emoji-regex/10.2.1
      linebreak: registry.npmjs.org/linebreak/1.1.0
      postcss-value-parser: registry.npmjs.org/postcss-value-parser/4.2.0
      yoga-wasm-web: registry.npmjs.org/yoga-wasm-web/0.3.3
    dev: false

  registry.npmjs.org/scheduler/0.23.0:
    resolution: {integrity: sha512-CtuThmgHNg7zIZWAXi3AsyIzA3n4xx7aNyjwC2VJldO2LMVDhFK+63xGqq6CsJH4rTAt6/M+N4GhZiDYPx9eUw==, registry: https://registry.npmjs.com/, tarball: https://registry.npmjs.org/scheduler/-/scheduler-0.23.0.tgz}
    name: scheduler
    version: 0.23.0
    dependencies:
      loose-envify: registry.npmjs.org/loose-envify/1.4.0
    dev: false

  registry.npmjs.org/source-map-js/1.0.2:
    resolution: {integrity: sha512-R0XvVJ9WusLiqTCEiGCmICCMplcCkIwwR11mOSD9CR5u+IXYdiseeEuXCVAjS54zqwkLcPNnmU4OeJ6tUrWhDw==, registry: https://registry.npmjs.com/, tarball: https://registry.npmjs.org/source-map-js/-/source-map-js-1.0.2.tgz}
    name: source-map-js
    version: 1.0.2
    engines: {node: '>=0.10.0'}
    dev: false

  registry.npmjs.org/streamsearch/1.1.0:
    resolution: {integrity: sha512-Mcc5wHehp9aXz1ax6bZUyY5afg9u2rv5cqQI3mRrYkGC8rW2hM02jWuwjtL++LS5qinSyhj2QfLyNsuc+VsExg==, registry: https://registry.npmjs.com/, tarball: https://registry.npmjs.org/streamsearch/-/streamsearch-1.1.0.tgz}
    name: streamsearch
    version: 1.1.0
    engines: {node: '>=10.0.0'}
    dev: false

  registry.npmjs.org/string.prototype.codepointat/0.2.1:
    resolution: {integrity: sha512-2cBVCj6I4IOvEnjgO/hWqXjqBGsY+zwPmHl12Srk9IXSZ56Jwwmy+66XO5Iut/oQVR7t5ihYdLB0GMa4alEUcg==, registry: https://registry.npmjs.com/, tarball: https://registry.npmjs.org/string.prototype.codepointat/-/string.prototype.codepointat-0.2.1.tgz}
    name: string.prototype.codepointat
    version: 0.2.1
    dev: false

  registry.npmjs.org/styled-jsx/5.1.1_react@18.2.0:
    resolution: {integrity: sha512-pW7uC1l4mBZ8ugbiZrcIsiIvVx1UmTfw7UkC3Um2tmfUq9Bhk8IiyEIPl6F8agHgjzku6j0xQEZbfA5uSgSaCw==, registry: https://registry.npmjs.com/, tarball: https://registry.npmjs.org/styled-jsx/-/styled-jsx-5.1.1.tgz}
    id: registry.npmjs.org/styled-jsx/5.1.1
    name: styled-jsx
    version: 5.1.1
    engines: {node: '>= 12.0.0'}
    peerDependencies:
      '@babel/core': '*'
      babel-plugin-macros: '*'
      react: '>= 16.8.0 || 17.x.x || ^18.0.0-0'
    peerDependenciesMeta:
      '@babel/core':
        optional: true
      babel-plugin-macros:
        optional: true
    dependencies:
      client-only: registry.npmjs.org/client-only/0.0.1
      react: registry.npmjs.org/react/18.2.0
    dev: false

  registry.npmjs.org/tiny-inflate/1.0.3:
    resolution: {integrity: sha512-pkY1fj1cKHb2seWDy0B16HeWyczlJA9/WW3u3c4z/NiWDsO3DOU5D7nhTLE9CF0yXv/QZFY7sEJmj24dK+Rrqw==, registry: https://registry.npmjs.com/, tarball: https://registry.npmjs.org/tiny-inflate/-/tiny-inflate-1.0.3.tgz}
    name: tiny-inflate
    version: 1.0.3
    dev: false

  registry.npmjs.org/tslib/2.5.0:
    resolution: {integrity: sha512-336iVw3rtn2BUK7ORdIAHTyxHGRIHVReokCR3XjbckJMK7ms8FysBfhLR8IXnAgy7T0PTPNBWKiH514FOW/WSg==, registry: https://registry.npmjs.com/, tarball: https://registry.npmjs.org/tslib/-/tslib-2.5.0.tgz}
    name: tslib
    version: 2.5.0
    dev: false

  registry.npmjs.org/typescript/5.0.4:
    resolution: {integrity: sha512-cW9T5W9xY37cc+jfEnaUvX91foxtHkza3Nw3wkoF4sSlKn0MONdkdEndig/qPBWXNkmplh3NzayQzCiHM4/hqw==, registry: https://registry.npmjs.com/, tarball: https://registry.npmjs.org/typescript/-/typescript-5.0.4.tgz}
    name: typescript
    version: 5.0.4
    engines: {node: '>=12.20'}
    hasBin: true
    dev: true

  registry.npmjs.org/unicode-trie/2.0.0:
    resolution: {integrity: sha512-x7bc76x0bm4prf1VLg79uhAzKw8DVboClSN5VxJuQ+LKDOVEW9CdH+VY7SP+vX7xCYQqzzgQpFqz15zeLvAtZQ==, registry: https://registry.npmjs.com/, tarball: https://registry.npmjs.org/unicode-trie/-/unicode-trie-2.0.0.tgz}
    name: unicode-trie
    version: 2.0.0
    dependencies:
      pako: registry.npmjs.org/pako/0.2.9
      tiny-inflate: registry.npmjs.org/tiny-inflate/1.0.3
    dev: false

  registry.npmjs.org/yoga-wasm-web/0.3.3:
    resolution: {integrity: sha512-N+d4UJSJbt/R3wqY7Coqs5pcV0aUj2j9IaQ3rNj9bVCLld8tTGKRa2USARjnvZJWVx1NDmQev8EknoczaOQDOA==, registry: https://registry.npmjs.com/, tarball: https://registry.npmjs.org/yoga-wasm-web/-/yoga-wasm-web-0.3.3.tgz}
    name: yoga-wasm-web
    version: 0.3.3
    dev: false
